// !$*UTF8*$!
{
	archiveVersion = 1;
	classes = {
	};
	objectVersion = 56;
	objects = {

/* Begin PBXBuildFile section */
		353A3F7F288C12F2002ACF51 /* AppDelegate.swift in Sources */ = {isa = PBXBuildFile; fileRef = 353A3F7E288C12F2002ACF51 /* AppDelegate.swift */; };
		353A3F81288C12F2002ACF51 /* SceneDelegate.swift in Sources */ = {isa = PBXBuildFile; fileRef = 353A3F80288C12F2002ACF51 /* SceneDelegate.swift */; };
		353A3F83288C12F2002ACF51 /* ZooparkListController.swift in Sources */ = {isa = PBXBuildFile; fileRef = 353A3F82288C12F2002ACF51 /* ZooparkListController.swift */; };
		353A3F86288C12F2002ACF51 /* Main.storyboard in Resources */ = {isa = PBXBuildFile; fileRef = 353A3F84288C12F2002ACF51 /* Main.storyboard */; };
		353A3F89288C12F2002ACF51 /* Zoo_App.xcdatamodeld in Sources */ = {isa = PBXBuildFile; fileRef = 353A3F87288C12F2002ACF51 /* Zoo_App.xcdatamodeld */; };
		353A3F8B288C12F2002ACF51 /* Assets.xcassets in Resources */ = {isa = PBXBuildFile; fileRef = 353A3F8A288C12F2002ACF51 /* Assets.xcassets */; };
		353A3F8E288C12F2002ACF51 /* LaunchScreen.storyboard in Resources */ = {isa = PBXBuildFile; fileRef = 353A3F8C288C12F2002ACF51 /* LaunchScreen.storyboard */; };
		35A88B34288C1CC200D4B48A /* Data.json in Resources */ = {isa = PBXBuildFile; fileRef = 35A88B33288C1CC200D4B48A /* Data.json */; };
		35A88B36288C1CE400D4B48A /* Models.swift in Sources */ = {isa = PBXBuildFile; fileRef = 35A88B35288C1CE400D4B48A /* Models.swift */; };
		35C79736288C17F6009E3E40 /* ButtonButtonCell.swift in Sources */ = {isa = PBXBuildFile; fileRef = 35C79734288C17F5009E3E40 /* ButtonButtonCell.swift */; };
		35C79737288C17F6009E3E40 /* ButtonButtonCell.xib in Resources */ = {isa = PBXBuildFile; fileRef = 35C79735288C17F5009E3E40 /* ButtonButtonCell.xib */; };
/* End PBXBuildFile section */

/* Begin PBXFileReference section */
		353A3F7B288C12F2002ACF51 /* Zoo App.app */ = {isa = PBXFileReference; explicitFileType = wrapper.application; includeInIndex = 0; path = "Zoo App.app"; sourceTree = BUILT_PRODUCTS_DIR; };
		353A3F7E288C12F2002ACF51 /* AppDelegate.swift */ = {isa = PBXFileReference; lastKnownFileType = sourcecode.swift; path = AppDelegate.swift; sourceTree = "<group>"; };
		353A3F80288C12F2002ACF51 /* SceneDelegate.swift */ = {isa = PBXFileReference; lastKnownFileType = sourcecode.swift; path = SceneDelegate.swift; sourceTree = "<group>"; };
		353A3F82288C12F2002ACF51 /* ZooparkListController.swift */ = {isa = PBXFileReference; lastKnownFileType = sourcecode.swift; path = ZooparkListController.swift; sourceTree = "<group>"; };
		353A3F85288C12F2002ACF51 /* Base */ = {isa = PBXFileReference; lastKnownFileType = file.storyboard; name = Base; path = Base.lproj/Main.storyboard; sourceTree = "<group>"; };
		353A3F88288C12F2002ACF51 /* Zoo_App.xcdatamodel */ = {isa = PBXFileReference; lastKnownFileType = wrapper.xcdatamodel; path = Zoo_App.xcdatamodel; sourceTree = "<group>"; };
		353A3F8A288C12F2002ACF51 /* Assets.xcassets */ = {isa = PBXFileReference; lastKnownFileType = folder.assetcatalog; path = Assets.xcassets; sourceTree = "<group>"; };
		353A3F8D288C12F2002ACF51 /* Base */ = {isa = PBXFileReference; lastKnownFileType = file.storyboard; name = Base; path = Base.lproj/LaunchScreen.storyboard; sourceTree = "<group>"; };
		353A3F8F288C12F2002ACF51 /* Info.plist */ = {isa = PBXFileReference; lastKnownFileType = text.plist.xml; path = Info.plist; sourceTree = "<group>"; };
		35A88B33288C1CC200D4B48A /* Data.json */ = {isa = PBXFileReference; lastKnownFileType = text.json; path = Data.json; sourceTree = "<group>"; };
		35A88B35288C1CE400D4B48A /* Models.swift */ = {isa = PBXFileReference; lastKnownFileType = sourcecode.swift; path = Models.swift; sourceTree = "<group>"; };
		35C79734288C17F5009E3E40 /* ButtonButtonCell.swift */ = {isa = PBXFileReference; lastKnownFileType = sourcecode.swift; path = ButtonButtonCell.swift; sourceTree = "<group>"; };
		35C79735288C17F5009E3E40 /* ButtonButtonCell.xib */ = {isa = PBXFileReference; lastKnownFileType = file.xib; path = ButtonButtonCell.xib; sourceTree = "<group>"; };
/* End PBXFileReference section */

/* Begin PBXFrameworksBuildPhase section */
		353A3F78288C12F2002ACF51 /* Frameworks */ = {
			isa = PBXFrameworksBuildPhase;
			buildActionMask = 2147483647;
			files = (
			);
			runOnlyForDeploymentPostprocessing = 0;
		};
/* End PBXFrameworksBuildPhase section */

/* Begin PBXGroup section */
		353A3F72288C12F2002ACF51 = {
			isa = PBXGroup;
			children = (
				353A3F7D288C12F2002ACF51 /* Zoo App */,
				353A3F7C288C12F2002ACF51 /* Products */,
			);
			sourceTree = "<group>";
		};
		353A3F7C288C12F2002ACF51 /* Products */ = {
			isa = PBXGroup;
			children = (
				353A3F7B288C12F2002ACF51 /* Zoo App.app */,
			);
			name = Products;
			sourceTree = "<group>";
		};
		353A3F7D288C12F2002ACF51 /* Zoo App */ = {
			isa = PBXGroup;
			children = (
				353A3F7E288C12F2002ACF51 /* AppDelegate.swift */,
				353A3F80288C12F2002ACF51 /* SceneDelegate.swift */,
				353A3F95288C16ED002ACF51 /* Controllers */,
				35C79738288C1801009E3E40 /* Cells */,
				353A3F84288C12F2002ACF51 /* Main.storyboard */,
				353A3F8A288C12F2002ACF51 /* Assets.xcassets */,
				353A3F8C288C12F2002ACF51 /* LaunchScreen.storyboard */,
				353A3F8F288C12F2002ACF51 /* Info.plist */,
				353A3F87288C12F2002ACF51 /* Zoo_App.xcdatamodeld */,
				35A88B33288C1CC200D4B48A /* Data.json */,
				35A88B37288C1CF100D4B48A /* Models */,
			);
			path = "Zoo App";
			sourceTree = "<group>";
		};
		353A3F95288C16ED002ACF51 /* Controllers */ = {
			isa = PBXGroup;
			children = (
				353A3F82288C12F2002ACF51 /* ZooparkListController.swift */,
			);
			path = Controllers;
			sourceTree = "<group>";
		};
		35A88B37288C1CF100D4B48A /* Models */ = {
			isa = PBXGroup;
			children = (
				35A88B35288C1CE400D4B48A /* Models.swift */,
			);
			path = Models;
			sourceTree = "<group>";
		};
		35C79738288C1801009E3E40 /* Cells */ = {
			isa = PBXGroup;
			children = (
				35C79734288C17F5009E3E40 /* ButtonButtonCell.swift */,
				35C79735288C17F5009E3E40 /* ButtonButtonCell.xib */,
			);
			path = Cells;
			sourceTree = "<group>";
		};
/* End PBXGroup section */

/* Begin PBXNativeTarget section */
		353A3F7A288C12F2002ACF51 /* Zoo App */ = {
			isa = PBXNativeTarget;
			buildConfigurationList = 353A3F92288C12F2002ACF51 /* Build configuration list for PBXNativeTarget "Zoo App" */;
			buildPhases = (
				353A3F77288C12F2002ACF51 /* Sources */,
				353A3F78288C12F2002ACF51 /* Frameworks */,
				353A3F79288C12F2002ACF51 /* Resources */,
			);
			buildRules = (
			);
			dependencies = (
			);
			name = "Zoo App";
			productName = "Zoo App";
			productReference = 353A3F7B288C12F2002ACF51 /* Zoo App.app */;
			productType = "com.apple.product-type.application";
		};
/* End PBXNativeTarget section */

/* Begin PBXProject section */
		353A3F73288C12F2002ACF51 /* Project object */ = {
			isa = PBXProject;
			attributes = {
				BuildIndependentTargetsInParallel = 1;
				LastSwiftUpdateCheck = 1400;
				LastUpgradeCheck = 1400;
				TargetAttributes = {
					353A3F7A288C12F2002ACF51 = {
						CreatedOnToolsVersion = 14.0;
					};
				};
			};
			buildConfigurationList = 353A3F76288C12F2002ACF51 /* Build configuration list for PBXProject "Zoo App" */;
			compatibilityVersion = "Xcode 14.0";
			developmentRegion = en;
			hasScannedForEncodings = 0;
			knownRegions = (
				en,
				Base,
			);
			mainGroup = 353A3F72288C12F2002ACF51;
			productRefGroup = 353A3F7C288C12F2002ACF51 /* Products */;
			projectDirPath = "";
			projectRoot = "";
			targets = (
				353A3F7A288C12F2002ACF51 /* Zoo App */,
			);
		};
/* End PBXProject section */

/* Begin PBXResourcesBuildPhase section */
		353A3F79288C12F2002ACF51 /* Resources */ = {
			isa = PBXResourcesBuildPhase;
			buildActionMask = 2147483647;
			files = (
				35A88B34288C1CC200D4B48A /* Data.json in Resources */,
				353A3F8E288C12F2002ACF51 /* LaunchScreen.storyboard in Resources */,
				35C79737288C17F6009E3E40 /* ButtonButtonCell.xib in Resources */,
				353A3F8B288C12F2002ACF51 /* Assets.xcassets in Resources */,
				353A3F86288C12F2002ACF51 /* Main.storyboard in Resources */,
			);
			runOnlyForDeploymentPostprocessing = 0;
		};
/* End PBXResourcesBuildPhase section */

/* Begin PBXSourcesBuildPhase section */
		353A3F77288C12F2002ACF51 /* Sources */ = {
			isa = PBXSourcesBuildPhase;
			buildActionMask = 2147483647;
			files = (
				353A3F89288C12F2002ACF51 /* Zoo_App.xcdatamodeld in Sources */,
				353A3F83288C12F2002ACF51 /* ZooparkListController.swift in Sources */,
				353A3F7F288C12F2002ACF51 /* AppDelegate.swift in Sources */,
				35A88B36288C1CE400D4B48A /* Models.swift in Sources */,
				35C79736288C17F6009E3E40 /* ButtonButtonCell.swift in Sources */,
				353A3F81288C12F2002ACF51 /* SceneDelegate.swift in Sources */,
			);
			runOnlyForDeploymentPostprocessing = 0;
		};
/* End PBXSourcesBuildPhase section */

/* Begin PBXVariantGroup section */
		353A3F84288C12F2002ACF51 /* Main.storyboard */ = {
			isa = PBXVariantGroup;
			children = (
				353A3F85288C12F2002ACF51 /* Base */,
			);
			name = Main.storyboard;
			sourceTree = "<group>";
		};
		353A3F8C288C12F2002ACF51 /* LaunchScreen.storyboard */ = {
			isa = PBXVariantGroup;
			children = (
				353A3F8D288C12F2002ACF51 /* Base */,
			);
			name = LaunchScreen.storyboard;
			sourceTree = "<group>";
		};
/* End PBXVariantGroup section */

/* Begin XCBuildConfiguration section */
		353A3F90288C12F2002ACF51 /* Debug */ = {
			isa = XCBuildConfiguration;
			buildSettings = {
				ALWAYS_SEARCH_USER_PATHS = NO;
				CLANG_ANALYZER_NONNULL = YES;
				CLANG_ANALYZER_NUMBER_OBJECT_CONVERSION = YES_AGGRESSIVE;
				CLANG_CXX_LANGUAGE_STANDARD = "gnu++17";
				CLANG_ENABLE_MODULES = YES;
				CLANG_ENABLE_OBJC_ARC = YES;
				CLANG_ENABLE_OBJC_WEAK = YES;
				CLANG_WARN_BLOCK_CAPTURE_AUTORELEASING = YES;
				CLANG_WARN_BOOL_CONVERSION = YES;
				CLANG_WARN_COMMA = YES;
				CLANG_WARN_CONSTANT_CONVERSION = YES;
				CLANG_WARN_DEPRECATED_OBJC_IMPLEMENTATIONS = YES;
				CLANG_WARN_DIRECT_OBJC_ISA_USAGE = YES_ERROR;
				CLANG_WARN_DOCUMENTATION_COMMENTS = YES;
				CLANG_WARN_EMPTY_BODY = YES;
				CLANG_WARN_ENUM_CONVERSION = YES;
				CLANG_WARN_INFINITE_RECURSION = YES;
				CLANG_WARN_INT_CONVERSION = YES;
				CLANG_WARN_NON_LITERAL_NULL_CONVERSION = YES;
				CLANG_WARN_OBJC_IMPLICIT_RETAIN_SELF = YES;
				CLANG_WARN_OBJC_LITERAL_CONVERSION = YES;
				CLANG_WARN_OBJC_ROOT_CLASS = YES_ERROR;
				CLANG_WARN_QUOTED_INCLUDE_IN_FRAMEWORK_HEADER = YES;
				CLANG_WARN_RANGE_LOOP_ANALYSIS = YES;
				CLANG_WARN_STRICT_PROTOTYPES = YES;
				CLANG_WARN_SUSPICIOUS_MOVE = YES;
				CLANG_WARN_UNGUARDED_AVAILABILITY = YES_AGGRESSIVE;
				CLANG_WARN_UNREACHABLE_CODE = YES;
				CLANG_WARN__DUPLICATE_METHOD_MATCH = YES;
				COPY_PHASE_STRIP = NO;
				DEBUG_INFORMATION_FORMAT = dwarf;
				ENABLE_STRICT_OBJC_MSGSEND = YES;
				ENABLE_TESTABILITY = YES;
				GCC_C_LANGUAGE_STANDARD = gnu11;
				GCC_DYNAMIC_NO_PIC = NO;
				GCC_NO_COMMON_BLOCKS = YES;
				GCC_OPTIMIZATION_LEVEL = 0;
				GCC_PREPROCESSOR_DEFINITIONS = (
					"DEBUG=1",
					"$(inherited)",
				);
				GCC_WARN_64_TO_32_BIT_CONVERSION = YES;
				GCC_WARN_ABOUT_RETURN_TYPE = YES_ERROR;
				GCC_WARN_UNDECLARED_SELECTOR = YES;
				GCC_WARN_UNINITIALIZED_AUTOS = YES_AGGRESSIVE;
				GCC_WARN_UNUSED_FUNCTION = YES;
				GCC_WARN_UNUSED_VARIABLE = YES;
				IPHONEOS_DEPLOYMENT_TARGET = 16.0;
				MTL_ENABLE_DEBUG_INFO = INCLUDE_SOURCE;
				MTL_FAST_MATH = YES;
				ONLY_ACTIVE_ARCH = YES;
				SDKROOT = iphoneos;
				SWIFT_ACTIVE_COMPILATION_CONDITIONS = DEBUG;
				SWIFT_OPTIMIZATION_LEVEL = "-Onone";
			};
			name = Debug;
		};
		353A3F91288C12F2002ACF51 /* Release */ = {
			isa = XCBuildConfiguration;
			buildSettings = {
				ALWAYS_SEARCH_USER_PATHS = NO;
				CLANG_ANALYZER_NONNULL = YES;
				CLANG_ANALYZER_NUMBER_OBJECT_CONVERSION = YES_AGGRESSIVE;
				CLANG_CXX_LANGUAGE_STANDARD = "gnu++17";
				CLANG_ENABLE_MODULES = YES;
				CLANG_ENABLE_OBJC_ARC = YES;
				CLANG_ENABLE_OBJC_WEAK = YES;
				CLANG_WARN_BLOCK_CAPTURE_AUTORELEASING = YES;
				CLANG_WARN_BOOL_CONVERSION = YES;
				CLANG_WARN_COMMA = YES;
				CLANG_WARN_CONSTANT_CONVERSION = YES;
				CLANG_WARN_DEPRECATED_OBJC_IMPLEMENTATIONS = YES;
				CLANG_WARN_DIRECT_OBJC_ISA_USAGE = YES_ERROR;
				CLANG_WARN_DOCUMENTATION_COMMENTS = YES;
				CLANG_WARN_EMPTY_BODY = YES;
				CLANG_WARN_ENUM_CONVERSION = YES;
				CLANG_WARN_INFINITE_RECURSION = YES;
				CLANG_WARN_INT_CONVERSION = YES;
				CLANG_WARN_NON_LITERAL_NULL_CONVERSION = YES;
				CLANG_WARN_OBJC_IMPLICIT_RETAIN_SELF = YES;
				CLANG_WARN_OBJC_LITERAL_CONVERSION = YES;
				CLANG_WARN_OBJC_ROOT_CLASS = YES_ERROR;
				CLANG_WARN_QUOTED_INCLUDE_IN_FRAMEWORK_HEADER = YES;
				CLANG_WARN_RANGE_LOOP_ANALYSIS = YES;
				CLANG_WARN_STRICT_PROTOTYPES = YES;
				CLANG_WARN_SUSPICIOUS_MOVE = YES;
				CLANG_WARN_UNGUARDED_AVAILABILITY = YES_AGGRESSIVE;
				CLANG_WARN_UNREACHABLE_CODE = YES;
				CLANG_WARN__DUPLICATE_METHOD_MATCH = YES;
				COPY_PHASE_STRIP = NO;
				DEBUG_INFORMATION_FORMAT = "dwarf-with-dsym";
				ENABLE_NS_ASSERTIONS = NO;
				ENABLE_STRICT_OBJC_MSGSEND = YES;
				GCC_C_LANGUAGE_STANDARD = gnu11;
				GCC_NO_COMMON_BLOCKS = YES;
				GCC_WARN_64_TO_32_BIT_CONVERSION = YES;
				GCC_WARN_ABOUT_RETURN_TYPE = YES_ERROR;
				GCC_WARN_UNDECLARED_SELECTOR = YES;
				GCC_WARN_UNINITIALIZED_AUTOS = YES_AGGRESSIVE;
				GCC_WARN_UNUSED_FUNCTION = YES;
				GCC_WARN_UNUSED_VARIABLE = YES;
				IPHONEOS_DEPLOYMENT_TARGET = 16.0;
				MTL_ENABLE_DEBUG_INFO = NO;
				MTL_FAST_MATH = YES;
				SDKROOT = iphoneos;
				SWIFT_COMPILATION_MODE = wholemodule;
				SWIFT_OPTIMIZATION_LEVEL = "-O";
				VALIDATE_PRODUCT = YES;
			};
			name = Release;
		};
		353A3F93288C12F2002ACF51 /* Debug */ = {
			isa = XCBuildConfiguration;
			buildSettings = {
				ASSETCATALOG_COMPILER_APPICON_NAME = AppIcon;
				ASSETCATALOG_COMPILER_GLOBAL_ACCENT_COLOR_NAME = AccentColor;
				CODE_SIGN_STYLE = Automatic;
				CURRENT_PROJECT_VERSION = 1;
				DEVELOPMENT_TEAM = 93GUC69XMX;
				GENERATE_INFOPLIST_FILE = YES;
				INFOPLIST_FILE = "Zoo App/Info.plist";
				INFOPLIST_KEY_UIApplicationSupportsIndirectInputEvents = YES;
				INFOPLIST_KEY_UILaunchStoryboardName = LaunchScreen;
				INFOPLIST_KEY_UIMainStoryboardFile = Main;
				INFOPLIST_KEY_UISupportedInterfaceOrientations_iPad = "UIInterfaceOrientationPortrait UIInterfaceOrientationPortraitUpsideDown UIInterfaceOrientationLandscapeLeft UIInterfaceOrientationLandscapeRight";
				INFOPLIST_KEY_UISupportedInterfaceOrientations_iPhone = "UIInterfaceOrientationPortrait UIInterfaceOrientationLandscapeLeft UIInterfaceOrientationLandscapeRight";
				LD_RUNPATH_SEARCH_PATHS = (
					"$(inherited)",
					"@executable_path/Frameworks",
				);
				MARKETING_VERSION = 1.0;
				PRODUCT_BUNDLE_IDENTIFIER = "Mukhtarov.Zoo-App";
				PRODUCT_NAME = "$(TARGET_NAME)";
				SWIFT_EMIT_LOC_STRINGS = YES;
				SWIFT_VERSION = 5.0;
				TARGETED_DEVICE_FAMILY = "1,2";
			};
			name = Debug;
		};
		353A3F94288C12F2002ACF51 /* Release */ = {
			isa = XCBuildConfiguration;
			buildSettings = {
				ASSETCATALOG_COMPILER_APPICON_NAME = AppIcon;
				ASSETCATALOG_COMPILER_GLOBAL_ACCENT_COLOR_NAME = AccentColor;
				CODE_SIGN_STYLE = Automatic;
				CURRENT_PROJECT_VERSION = 1;
				DEVELOPMENT_TEAM = 93GUC69XMX;
				GENERATE_INFOPLIST_FILE = YES;
				INFOPLIST_FILE = "Zoo App/Info.plist";
				INFOPLIST_KEY_UIApplicationSupportsIndirectInputEvents = YES;
				INFOPLIST_KEY_UILaunchStoryboardName = LaunchScreen;
				INFOPLIST_KEY_UIMainStoryboardFile = Main;
				INFOPLIST_KEY_UISupportedInterfaceOrientations_iPad = "UIInterfaceOrientationPortrait UIInterfaceOrientationPortraitUpsideDown UIInterfaceOrientationLandscapeLeft UIInterfaceOrientationLandscapeRight";
				INFOPLIST_KEY_UISupportedInterfaceOrientations_iPhone = "UIInterfaceOrientationPortrait UIInterfaceOrientationLandscapeLeft UIInterfaceOrientationLandscapeRight";
				LD_RUNPATH_SEARCH_PATHS = (
					"$(inherited)",
					"@executable_path/Frameworks",
				);
				MARKETING_VERSION = 1.0;
				PRODUCT_BUNDLE_IDENTIFIER = "Mukhtarov.Zoo-App";
				PRODUCT_NAME = "$(TARGET_NAME)";
				SWIFT_EMIT_LOC_STRINGS = YES;
				SWIFT_VERSION = 5.0;
				TARGETED_DEVICE_FAMILY = "1,2";
			};
			name = Release;
		};
/* End XCBuildConfiguration section */

/* Begin XCConfigurationList section */
		353A3F76288C12F2002ACF51 /* Build configuration list for PBXProject "Zoo App" */ = {
			isa = XCConfigurationList;
			buildConfigurations = (
				353A3F90288C12F2002ACF51 /* Debug */,
				353A3F91288C12F2002ACF51 /* Release */,
			);
			defaultConfigurationIsVisible = 0;
			defaultConfigurationName = Release;
		};
		353A3F92288C12F2002ACF51 /* Build configuration list for PBXNativeTarget "Zoo App" */ = {
			isa = XCConfigurationList;
			buildConfigurations = (
				353A3F93288C12F2002ACF51 /* Debug */,
				353A3F94288C12F2002ACF51 /* Release */,
			);
			defaultConfigurationIsVisible = 0;
			defaultConfigurationName = Release;
		};
/* End XCConfigurationList section */

/* Begin XCVersionGroup section */
		353A3F87288C12F2002ACF51 /* Zoo_App.xcdatamodeld */ = {
			isa = XCVersionGroup;
			children = (
				353A3F88288C12F2002ACF51 /* Zoo_App.xcdatamodel */,
			);
			currentVersion = 353A3F88288C12F2002ACF51 /* Zoo_App.xcdatamodel */;
			path = Zoo_App.xcdatamodeld;
			sourceTree = "<group>";
			versionGroupType = wrapper.xcdatamodel;
		};
/* End XCVersionGroup section */
	};
	rootObject = 353A3F73288C12F2002ACF51 /* Project object */;
}
